<?xml version="1.0" encoding="utf-8"?>
<Project ToolsVersion="4.0" xmlns="http://schemas.microsoft.com/developer/msbuild/2003">
  <ItemGroup>
    <ClInclude Include="Common\CommonHeaders.h" />
    <ClInclude Include="Common\PrimitiveTypes.h" />
    <ClInclude Include="Common\Id.h" />
    <ClInclude Include="Components\Entity.h" />
    <ClInclude Include="Components\ComponentsCommonHeaders.h" />
    <ClInclude Include="Components\Transform.h" />
    <ClInclude Include="Core\Utility\Utility.h" />
    <ClInclude Include="API\GameEntity.h" />
    <ClInclude Include="API\TransformComponent.h" />
    <ClInclude Include="Core\Utility\Math\MathType.h" />
    <ClInclude Include="API\ScriptComponent.h" />
    <ClInclude Include="Components\Script.h" />
    <ClInclude Include="Content\ContentLoader.h" />
    <ClInclude Include="Core\Platform\Window.h" />
    <ClInclude Include="Core\Platform\PlatformWindow\PlatformWindow.h" />
    <ClInclude Include="Graphics\Renderer.h" />
    <ClInclude Include="Core\Utility\Math\Math.h" />
    <ClInclude Include="Graphics\GraphicsInterface.h" />
    <ClInclude Include="Graphics\Direct3D12\D3D12Interface.h" />
    <ClInclude Include="Graphics\Direct3D12\D3D12Core.h" />
    <ClInclude Include="Graphics\Direct3D12\D3D12CommonHeaders.h" />
    <ClInclude Include="Graphics\Direct3D12\D3D12Resource.h" />
    <ClInclude Include="Graphics\Direct3D12\D3D12Surface.h" />
    <ClInclude Include="Core\Utility\Container\FreeList.h" />
    <ClInclude Include="Core\Utility\Container\Vector.h" />
    <ClInclude Include="Graphics\Direct3D12\D3D12Helper.h" />
    <ClInclude Include="Graphics\Direct3D12\D3D12Shader.h" />
    <ClInclude Include="Graphics\Direct3D12\D3D12GeometryPass.h" />
    <ClInclude Include="Graphics\Direct3D12\D3D12PostProcess.h" />
    <ClInclude Include="Graphics\Direct3D12\D3D12Upload.h" />
    <ClInclude Include="Graphics\Direct3D12\D3D12Content.h" />
    <ClInclude Include="Content\AssetToEngine.h" />
    <ClInclude Include="API\Camera.h" />
    <ClInclude Include="Graphics\Direct3D12\D3D12Camera.h" />
    <ClInclude Include="Graphics\Direct3D12\Shaders\SharedTypes.h" />
    <ClInclude Include="API\Light.h" />
    <ClInclude Include="Graphics\Direct3D12\D3D12Light.h" />
    <ClInclude Include="API\Input.h" />
    <ClInclude Include="Input\Input.h" />
    <ClInclude Include="Core\Platform\PlatformInput\PlatformInput.h" />
    <ClInclude Include="Core\Utility\Math\Vector3.h" />
    <ClInclude Include="Core\Utility\Math\Vector4.h" />
    <ClInclude Include="Core\Utility\Math\Quaternion.h" />
    <ClInclude Include="API\RenderComponent.h" />
    <ClInclude Include="Components\Render.h" />
    <ClInclude Include="Core\Utility\IO\FileIO.h" />
    <ClInclude Include="Core\Utility\IO\BinaryIO.h" />
    <ClInclude Include="Core\Utility\Time\Timer.h" />
  </ItemGroup>
  <ItemGroup>
    <ClCompile Include="Components\Entity.cpp" />
    <ClCompile Include="Components\Transform.cpp" />
    <ClCompile Include="Components\Script.cpp" />
    <ClCompile Include="Core\Main.cpp" />
    <ClCompile Include="Core\Engine.cpp" />
    <ClCompile Include="Content\ContentLoader.cpp" />
    <ClCompile Include="Core\Platform\PlatformWindow\PlatformWindow.cpp" />
    <ClCompile Include="Graphics\Renderer.cpp" />
    <ClCompile Include="Graphics\Direct3D12\D3D12Interface.cpp" />
    <ClCompile Include="Graphics\Direct3D12\D3D12Core.cpp" />
    <ClCompile Include="Graphics\Direct3D12\D3D12Resource.cpp" />
    <ClCompile Include="Graphics\Direct3D12\D3D12Surface.cpp" />
    <ClCompile Include="Graphics\Direct3D12\D3D12Helper.cpp" />
    <ClCompile Include="Graphics\Direct3D12\D3D12Shader.cpp" />
    <ClCompile Include="Graphics\Direct3D12\D3D12GeometryPass.cpp" />
    <ClCompile Include="Graphics\Direct3D12\D3D12PostProcess.cpp" />
    <ClCompile Include="Graphics\Direct3D12\D3D12Upload.cpp" />
    <ClCompile Include="Graphics\Direct3D12\D3D12Content.cpp" />
    <ClCompile Include="Content\AssetToEngine.cpp" />
    <ClCompile Include="Graphics\Direct3D12\D3D12Camera.cpp" />
    <ClCompile Include="Graphics\Direct3D12\D3D12Light.cpp" />
    <ClCompile Include="Input\Input.cpp" />
    <ClCompile Include="Core\Platform\PlatformInput\PlatformInput.cpp" />
    <ClCompile Include="Core\Utility\Math\Vector3.cpp" />
    <ClCompile Include="Core\Utility\Math\Vector4.cpp" />
    <ClCompile Include="Core\Utility\Math\Quaternion.cpp" />
    <ClCompile Include="Components\Render.cpp" />
    <ClCompile Include="Core\Utility\IO\FileIO.cpp" />
    <ClCompile Include="Core\Utility\Time\Timer.cpp" />
  </ItemGroup>
  <ItemGroup>
    <None Include="packages.config" />
  </ItemGroup>
</Project>