
Microsoft Visual Studio Solution File, Format Version 12.00
# Visual Studio Version 16
VisualStudioVersion = 16.0.31313.79
MinimumVisualStudioVersion = 10.0.40219.1
Project("{8BC9CEB8-8B4A-11D0-8D11-00A0C91BC942}") = "Engine", "Engine\Engine.vcxproj", "{0E23CEAF-C429-4255-A496-BAAA96B30C73}"
EndProject
Project("{9A19103F-16F7-4668-BE54-9A1E7A4F7556}") = "Editor", "Editor\Editor.csproj", "{E2C42028-B9FE-4F9A-BF60-FB135D4B6A69}"
EndProject
Project("{8BC9CEB8-8B4A-11D0-8D11-00A0C91BC942}") = "Test", "Test\Test.vcxproj", "{27B287F8-F3CB-4B07-BD6F-9F8652DB311C}"
	ProjectSection(ProjectDependencies) = postProject
		{0E23CEAF-C429-4255-A496-BAAA96B30C73} = {0E23CEAF-C429-4255-A496-BAAA96B30C73}
	EndProjectSection
EndProject
Project("{8BC9CEB8-8B4A-11D0-8D11-00A0C91BC942}") = "EngineDLL", "EngineDLL\EngineDLL.vcxproj", "{AA01C602-8FEB-47F0-B12E-D17163A097E9}"
	ProjectSection(ProjectDependencies) = postProject
		{0E23CEAF-C429-4255-A496-BAAA96B30C73} = {0E23CEAF-C429-4255-A496-BAAA96B30C73}
	EndProjectSection
EndProject
Project("{8BC9CEB8-8B4A-11D0-8D11-00A0C91BC942}") = "AssetTool", "AssetTool\AssetTool.vcxproj", "{8EB7E7E3-C5CE-4F61-B54C-0A197F25DBCB}"
EndProject
Global
	GlobalSection(SolutionConfigurationPlatforms) = preSolution
		Debug|x64 = Debug|x64
		DebugEditor|x64 = DebugEditor|x64
		Release|x64 = Release|x64
		ReleaseEditor|x64 = ReleaseEditor|x64
	EndGlobalSection
	GlobalSection(ProjectConfigurationPlatforms) = postSolution
		{0E23CEAF-C429-4255-A496-BAAA96B30C73}.Debug|x64.ActiveCfg = Debug|x64
		{0E23CEAF-C429-4255-A496-BAAA96B30C73}.Debug|x64.Build.0 = Debug|x64
		{0E23CEAF-C429-4255-A496-BAAA96B30C73}.DebugEditor|x64.ActiveCfg = DebugEditor|x64
		{0E23CEAF-C429-4255-A496-BAAA96B30C73}.DebugEditor|x64.Build.0 = DebugEditor|x64
		{0E23CEAF-C429-4255-A496-BAAA96B30C73}.Release|x64.ActiveCfg = Release|x64
		{0E23CEAF-C429-4255-A496-BAAA96B30C73}.Release|x64.Build.0 = Release|x64
		{0E23CEAF-C429-4255-A496-BAAA96B30C73}.ReleaseEditor|x64.ActiveCfg = ReleaseEditor|x64
		{0E23CEAF-C429-4255-A496-BAAA96B30C73}.ReleaseEditor|x64.Build.0 = ReleaseEditor|x64
		{E2C42028-B9FE-4F9A-BF60-FB135D4B6A69}.Debug|x64.ActiveCfg = DebugEditor|x64
		{E2C42028-B9FE-4F9A-BF60-FB135D4B6A69}.Debug|x64.Build.0 = DebugEditor|x64
		{E2C42028-B9FE-4F9A-BF60-FB135D4B6A69}.DebugEditor|x64.ActiveCfg = DebugEditor|x64
		{E2C42028-B9FE-4F9A-BF60-FB135D4B6A69}.DebugEditor|x64.Build.0 = DebugEditor|x64
		{E2C42028-B9FE-4F9A-BF60-FB135D4B6A69}.Release|x64.ActiveCfg = ReleaseEditor|x64
		{E2C42028-B9FE-4F9A-BF60-FB135D4B6A69}.Release|x64.Build.0 = ReleaseEditor|x64
		{E2C42028-B9FE-4F9A-BF60-FB135D4B6A69}.ReleaseEditor|x64.ActiveCfg = ReleaseEditor|x64
		{E2C42028-B9FE-4F9A-BF60-FB135D4B6A69}.ReleaseEditor|x64.Build.0 = ReleaseEditor|x64
		{27B287F8-F3CB-4B07-BD6F-9F8652DB311C}.Debug|x64.ActiveCfg = Debug|x64
		{27B287F8-F3CB-4B07-BD6F-9F8652DB311C}.Debug|x64.Build.0 = Debug|x64
		{27B287F8-F3CB-4B07-BD6F-9F8652DB311C}.DebugEditor|x64.ActiveCfg = Debug|x64
		{27B287F8-F3CB-4B07-BD6F-9F8652DB311C}.DebugEditor|x64.Build.0 = Debug|x64
		{27B287F8-F3CB-4B07-BD6F-9F8652DB311C}.Release|x64.ActiveCfg = Release|x64
		{27B287F8-F3CB-4B07-BD6F-9F8652DB311C}.Release|x64.Build.0 = Release|x64
		{27B287F8-F3CB-4B07-BD6F-9F8652DB311C}.ReleaseEditor|x64.ActiveCfg = ReleaseEditor|x64
		{27B287F8-F3CB-4B07-BD6F-9F8652DB311C}.ReleaseEditor|x64.Build.0 = ReleaseEditor|x64
		{AA01C602-8FEB-47F0-B12E-D17163A097E9}.Debug|x64.ActiveCfg = DebugEditor|x64
		{AA01C602-8FEB-47F0-B12E-D17163A097E9}.Debug|x64.Build.0 = DebugEditor|x64
		{AA01C602-8FEB-47F0-B12E-D17163A097E9}.DebugEditor|x64.ActiveCfg = DebugEditor|x64
		{AA01C602-8FEB-47F0-B12E-D17163A097E9}.DebugEditor|x64.Build.0 = DebugEditor|x64
		{AA01C602-8FEB-47F0-B12E-D17163A097E9}.Release|x64.ActiveCfg = ReleaseEditor|x64
		{AA01C602-8FEB-47F0-B12E-D17163A097E9}.Release|x64.Build.0 = ReleaseEditor|x64
		{AA01C602-8FEB-47F0-B12E-D17163A097E9}.ReleaseEditor|x64.ActiveCfg = ReleaseEditor|x64
		{AA01C602-8FEB-47F0-B12E-D17163A097E9}.ReleaseEditor|x64.Build.0 = ReleaseEditor|x64
		{8EB7E7E3-C5CE-4F61-B54C-0A197F25DBCB}.Debug|x64.ActiveCfg = DebugEditor|x64
		{8EB7E7E3-C5CE-4F61-B54C-0A197F25DBCB}.Debug|x64.Build.0 = DebugEditor|x64
		{8EB7E7E3-C5CE-4F61-B54C-0A197F25DBCB}.DebugEditor|x64.ActiveCfg = DebugEditor|x64
		{8EB7E7E3-C5CE-4F61-B54C-0A197F25DBCB}.DebugEditor|x64.Build.0 = DebugEditor|x64
		{8EB7E7E3-C5CE-4F61-B54C-0A197F25DBCB}.Release|x64.ActiveCfg = ReleaseEditor|x64
		{8EB7E7E3-C5CE-4F61-B54C-0A197F25DBCB}.Release|x64.Build.0 = ReleaseEditor|x64
		{8EB7E7E3-C5CE-4F61-B54C-0A197F25DBCB}.ReleaseEditor|x64.ActiveCfg = ReleaseEditor|x64
		{8EB7E7E3-C5CE-4F61-B54C-0A197F25DBCB}.ReleaseEditor|x64.Build.0 = ReleaseEditor|x64
	EndGlobalSection
	GlobalSection(SolutionProperties) = preSolution
		HideSolutionNode = FALSE
	EndGlobalSection
	GlobalSection(ExtensibilityGlobals) = postSolution
		SolutionGuid = {1415577C-B4CD-46B4-BEF0-F7D0383954C2}
	EndGlobalSection
EndGlobal
